// !$*UTF8*$!
{
	archiveVersion = 1;
	classes = {
	};
	objectVersion = 46;
	objects = {

/* Begin PBXBuildFile section */
		A7FAAB6CC36F58521B112CE7 /* libPods.a in Frameworks */ = {isa = PBXBuildFile; fileRef = 910CCFE2F8AE00BE46359FF7 /* libPods.a */; };
		F94398E91C90215F007253EB /* BSLoginViewController.m in Sources */ = {isa = PBXBuildFile; fileRef = F94398E71C90215F007253EB /* BSLoginViewController.m */; };
		F94398EA1C90215F007253EB /* BSLoginViewController.xib in Resources */ = {isa = PBXBuildFile; fileRef = F94398E81C90215F007253EB /* BSLoginViewController.xib */; };
		F94398ED1C904C31007253EB /* BSVerticalButton.m in Sources */ = {isa = PBXBuildFile; fileRef = F94398EC1C904C31007253EB /* BSVerticalButton.m */; };
		F94398F01C905438007253EB /* BSTextField.m in Sources */ = {isa = PBXBuildFile; fileRef = F94398EF1C905438007253EB /* BSTextField.m */; };
		F9515FE21C8E7B6100D76D6E /* BSRecommendViewController.m in Sources */ = {isa = PBXBuildFile; fileRef = F9515FE11C8E7B6100D76D6E /* BSRecommendViewController.m */; };
		F9620D171C8ECB9200B52A52 /* BSRecomendUserTableViewCell.m in Sources */ = {isa = PBXBuildFile; fileRef = F9620D161C8ECB9200B52A52 /* BSRecomendUserTableViewCell.m */; };
		F9620D1A1C8ECC3700B52A52 /* BSRecomendUser.m in Sources */ = {isa = PBXBuildFile; fileRef = F9620D191C8ECC3700B52A52 /* BSRecomendUser.m */; };
		F9620D1D1C8ED95300B52A52 /* UIImage+BS.m in Sources */ = {isa = PBXBuildFile; fileRef = F9620D1C1C8ED95300B52A52 /* UIImage+BS.m */; };
		F98810E01C923AD20008FF7E /* BSEssenceTopicView.m in Sources */ = {isa = PBXBuildFile; fileRef = F98810DF1C923AD20008FF7E /* BSEssenceTopicView.m */; };
		F98810E31C92BF350008FF7E /* CALayer+CXExtension.m in Sources */ = {isa = PBXBuildFile; fileRef = F98810E21C92BF350008FF7E /* CALayer+CXExtension.m */; };
		F98810E61C92C4210008FF7E /* BSTopicViewController.m in Sources */ = {isa = PBXBuildFile; fileRef = F98810E51C92C4210008FF7E /* BSTopicViewController.m */; };
		F98810E91C930F180008FF7E /* BSTopic.m in Sources */ = {isa = PBXBuildFile; fileRef = F98810E81C930F180008FF7E /* BSTopic.m */; };
		F98810ED1C9312080008FF7E /* BSTopicTableViewCell.m in Sources */ = {isa = PBXBuildFile; fileRef = F98810EB1C9312080008FF7E /* BSTopicTableViewCell.m */; };
		F98810EE1C9312080008FF7E /* BSTopicTableViewCell.xib in Resources */ = {isa = PBXBuildFile; fileRef = F98810EC1C9312080008FF7E /* BSTopicTableViewCell.xib */; };
		F98810F11C93AF110008FF7E /* BSHelper.m in Sources */ = {isa = PBXBuildFile; fileRef = F98810F01C93AF110008FF7E /* BSHelper.m */; };
		F98810FA1C93B3B20008FF7E /* NSDate+BSExtension.m in Sources */ = {isa = PBXBuildFile; fileRef = F98810F91C93B3B20008FF7E /* NSDate+BSExtension.m */; };
		F98810FD1C943B940008FF7E /* BSTopicPictureView.m in Sources */ = {isa = PBXBuildFile; fileRef = F98810FC1C943B940008FF7E /* BSTopicPictureView.m */; };
		F98810FF1C943B9F0008FF7E /* BSTopicPictureView.xib in Resources */ = {isa = PBXBuildFile; fileRef = F98810FE1C943B9F0008FF7E /* BSTopicPictureView.xib */; };
		F998026E1C906874005C8937 /* BSTrendsViewController.xib in Resources */ = {isa = PBXBuildFile; fileRef = F998026D1C906874005C8937 /* BSTrendsViewController.xib */; };
		F9C280A41C8F1E90002991C6 /* BSConst.m in Sources */ = {isa = PBXBuildFile; fileRef = F9C280A31C8F1E90002991C6 /* BSConst.m */; };
		F9E9964A1C8E918E00C0A549 /* BSRecommendCategory.m in Sources */ = {isa = PBXBuildFile; fileRef = F9E996491C8E918E00C0A549 /* BSRecommendCategory.m */; };
		F9E996531C8E97E600C0A549 /* NSObject+BSModel.m in Sources */ = {isa = PBXBuildFile; fileRef = F9E996521C8E97E600C0A549 /* NSObject+BSModel.m */; };
		F9E9965A1C8EA0D500C0A549 /* BSAPIClient.m in Sources */ = {isa = PBXBuildFile; fileRef = F9E996591C8EA0D500C0A549 /* BSAPIClient.m */; };
		F9E9965E1C8EA8D000C0A549 /* BSRecommendViewController.storyboard in Resources */ = {isa = PBXBuildFile; fileRef = F9E9965D1C8EA8D000C0A549 /* BSRecommendViewController.storyboard */; };
		F9E996611C8EA97E00C0A549 /* BSRecommendTableViewCell.m in Sources */ = {isa = PBXBuildFile; fileRef = F9E996601C8EA97E00C0A549 /* BSRecommendTableViewCell.m */; };
		F9EE423A1C8D29A60034482C /* Assets.xcassets in Resources */ = {isa = PBXBuildFile; fileRef = F9EE42391C8D29A60034482C /* Assets.xcassets */; };
		F9EE42481C8D29A70034482C /* BaiSiBuDeJieTests.m in Sources */ = {isa = PBXBuildFile; fileRef = F9EE42471C8D29A70034482C /* BaiSiBuDeJieTests.m */; };
		F9EE42531C8D29A70034482C /* BaiSiBuDeJieUITests.m in Sources */ = {isa = PBXBuildFile; fileRef = F9EE42521C8D29A70034482C /* BaiSiBuDeJieUITests.m */; };
		F9EE42791C8D2B050034482C /* AppDelegate.m in Sources */ = {isa = PBXBuildFile; fileRef = F9EE42771C8D2B050034482C /* AppDelegate.m */; };
		F9EE427A1C8D2B050034482C /* main.m in Sources */ = {isa = PBXBuildFile; fileRef = F9EE42781C8D2B050034482C /* main.m */; };
		F9EE427E1C8D2D280034482C /* BSTabBarController.m in Sources */ = {isa = PBXBuildFile; fileRef = F9EE427D1C8D2D280034482C /* BSTabBarController.m */; };
		F9EE42811C8D2D4B0034482C /* BSTabBar.m in Sources */ = {isa = PBXBuildFile; fileRef = F9EE42801C8D2D4B0034482C /* BSTabBar.m */; };
		F9EE42841C8D2D660034482C /* BSNavigationController.m in Sources */ = {isa = PBXBuildFile; fileRef = F9EE42831C8D2D660034482C /* BSNavigationController.m */; };
		F9EE42871C8D2DBB0034482C /* BSEssenceViewController.m in Sources */ = {isa = PBXBuildFile; fileRef = F9EE42861C8D2DBB0034482C /* BSEssenceViewController.m */; };
		F9EE428A1C8D2DC80034482C /* BSNewViewController.m in Sources */ = {isa = PBXBuildFile; fileRef = F9EE42891C8D2DC80034482C /* BSNewViewController.m */; };
		F9EE428D1C8D2DE50034482C /* BSTrendsViewController.m in Sources */ = {isa = PBXBuildFile; fileRef = F9EE428C1C8D2DE50034482C /* BSTrendsViewController.m */; };
		F9EE42901C8D2DF00034482C /* BSMeViewController.m in Sources */ = {isa = PBXBuildFile; fileRef = F9EE428F1C8D2DF00034482C /* BSMeViewController.m */; };
		F9EE42941C8D397D0034482C /* BSTabBarController+BS.m in Sources */ = {isa = PBXBuildFile; fileRef = F9EE42931C8D397D0034482C /* BSTabBarController+BS.m */; };
		F9EE42971C8D9C900034482C /* UIView+CXFrame.m in Sources */ = {isa = PBXBuildFile; fileRef = F9EE42961C8D9C900034482C /* UIView+CXFrame.m */; };
		F9EE429D1C8DAB9E0034482C /* UIBarButtonItem+BS.m in Sources */ = {isa = PBXBuildFile; fileRef = F9EE429C1C8DAB9E0034482C /* UIBarButtonItem+BS.m */; };
		F9F1FE2C1C952B5F00438DBC /* BSCircularProgressView.m in Sources */ = {isa = PBXBuildFile; fileRef = F9F1FE2B1C952B5F00438DBC /* BSCircularProgressView.m */; };
/* End PBXBuildFile section */

/* Begin PBXContainerItemProxy section */
		F9EE42441C8D29A70034482C /* PBXContainerItemProxy */ = {
			isa = PBXContainerItemProxy;
			containerPortal = F9EE42221C8D29A60034482C /* Project object */;
			proxyType = 1;
			remoteGlobalIDString = F9EE42291C8D29A60034482C;
			remoteInfo = BaiSiBuDeJie;
		};
		F9EE424F1C8D29A70034482C /* PBXContainerItemProxy */ = {
			isa = PBXContainerItemProxy;
			containerPortal = F9EE42221C8D29A60034482C /* Project object */;
			proxyType = 1;
			remoteGlobalIDString = F9EE42291C8D29A60034482C;
			remoteInfo = BaiSiBuDeJie;
		};
/* End PBXContainerItemProxy section */

/* Begin PBXFileReference section */
		1CCF45D565618A957DEB9E67 /* Pods.release.xcconfig */ = {isa = PBXFileReference; includeInIndex = 1; lastKnownFileType = text.xcconfig; name = Pods.release.xcconfig; path = "Pods/Target Support Files/Pods/Pods.release.xcconfig"; sourceTree = "<group>"; };
		340B1898C0A9221B66D00CAA /* Pods.debug.xcconfig */ = {isa = PBXFileReference; includeInIndex = 1; lastKnownFileType = text.xcconfig; name = Pods.debug.xcconfig; path = "Pods/Target Support Files/Pods/Pods.debug.xcconfig"; sourceTree = "<group>"; };
		910CCFE2F8AE00BE46359FF7 /* libPods.a */ = {isa = PBXFileReference; explicitFileType = archive.ar; includeInIndex = 0; path = libPods.a; sourceTree = BUILT_PRODUCTS_DIR; };
		F907C5BE1C8E80A40044B28A /* BSMacroDefinition.h */ = {isa = PBXFileReference; fileEncoding = 4; lastKnownFileType = sourcecode.c.h; path = BSMacroDefinition.h; sourceTree = "<group>"; };
		F94398E61C90215F007253EB /* BSLoginViewController.h */ = {isa = PBXFileReference; fileEncoding = 4; lastKnownFileType = sourcecode.c.h; path = BSLoginViewController.h; sourceTree = "<group>"; };
		F94398E71C90215F007253EB /* BSLoginViewController.m */ = {isa = PBXFileReference; fileEncoding = 4; lastKnownFileType = sourcecode.c.objc; path = BSLoginViewController.m; sourceTree = "<group>"; };
		F94398E81C90215F007253EB /* BSLoginViewController.xib */ = {isa = PBXFileReference; fileEncoding = 4; lastKnownFileType = file.xib; path = BSLoginViewController.xib; sourceTree = "<group>"; };
		F94398EB1C904C31007253EB /* BSVerticalButton.h */ = {isa = PBXFileReference; fileEncoding = 4; lastKnownFileType = sourcecode.c.h; path = BSVerticalButton.h; sourceTree = "<group>"; };
		F94398EC1C904C31007253EB /* BSVerticalButton.m */ = {isa = PBXFileReference; fileEncoding = 4; lastKnownFileType = sourcecode.c.objc; path = BSVerticalButton.m; sourceTree = "<group>"; };
		F94398EE1C905438007253EB /* BSTextField.h */ = {isa = PBXFileReference; fileEncoding = 4; lastKnownFileType = sourcecode.c.h; path = BSTextField.h; sourceTree = "<group>"; };
		F94398EF1C905438007253EB /* BSTextField.m */ = {isa = PBXFileReference; fileEncoding = 4; lastKnownFileType = sourcecode.c.objc; path = BSTextField.m; sourceTree = "<group>"; };
		F9515FE01C8E7B6100D76D6E /* BSRecommendViewController.h */ = {isa = PBXFileReference; fileEncoding = 4; lastKnownFileType = sourcecode.c.h; path = BSRecommendViewController.h; sourceTree = "<group>"; };
		F9515FE11C8E7B6100D76D6E /* BSRecommendViewController.m */ = {isa = PBXFileReference; fileEncoding = 4; lastKnownFileType = sourcecode.c.objc; path = BSRecommendViewController.m; sourceTree = "<group>"; };
		F9620D151C8ECB9200B52A52 /* BSRecomendUserTableViewCell.h */ = {isa = PBXFileReference; fileEncoding = 4; lastKnownFileType = sourcecode.c.h; path = BSRecomendUserTableViewCell.h; sourceTree = "<group>"; };
		F9620D161C8ECB9200B52A52 /* BSRecomendUserTableViewCell.m */ = {isa = PBXFileReference; fileEncoding = 4; lastKnownFileType = sourcecode.c.objc; path = BSRecomendUserTableViewCell.m; sourceTree = "<group>"; };
		F9620D181C8ECC3700B52A52 /* BSRecomendUser.h */ = {isa = PBXFileReference; fileEncoding = 4; lastKnownFileType = sourcecode.c.h; path = BSRecomendUser.h; sourceTree = "<group>"; };
		F9620D191C8ECC3700B52A52 /* BSRecomendUser.m */ = {isa = PBXFileReference; fileEncoding = 4; lastKnownFileType = sourcecode.c.objc; path = BSRecomendUser.m; sourceTree = "<group>"; };
		F9620D1B1C8ED95300B52A52 /* UIImage+BS.h */ = {isa = PBXFileReference; fileEncoding = 4; lastKnownFileType = sourcecode.c.h; path = "UIImage+BS.h"; sourceTree = "<group>"; };
		F9620D1C1C8ED95300B52A52 /* UIImage+BS.m */ = {isa = PBXFileReference; fileEncoding = 4; lastKnownFileType = sourcecode.c.objc; path = "UIImage+BS.m"; sourceTree = "<group>"; };
		F98810DE1C923AD20008FF7E /* BSEssenceTopicView.h */ = {isa = PBXFileReference; fileEncoding = 4; lastKnownFileType = sourcecode.c.h; path = BSEssenceTopicView.h; sourceTree = "<group>"; };
		F98810DF1C923AD20008FF7E /* BSEssenceTopicView.m */ = {isa = PBXFileReference; fileEncoding = 4; lastKnownFileType = sourcecode.c.objc; path = BSEssenceTopicView.m; sourceTree = "<group>"; };
		F98810E11C92BF350008FF7E /* CALayer+CXExtension.h */ = {isa = PBXFileReference; fileEncoding = 4; lastKnownFileType = sourcecode.c.h; path = "CALayer+CXExtension.h"; sourceTree = "<group>"; };
		F98810E21C92BF350008FF7E /* CALayer+CXExtension.m */ = {isa = PBXFileReference; fileEncoding = 4; lastKnownFileType = sourcecode.c.objc; path = "CALayer+CXExtension.m"; sourceTree = "<group>"; };
		F98810E41C92C4210008FF7E /* BSTopicViewController.h */ = {isa = PBXFileReference; fileEncoding = 4; lastKnownFileType = sourcecode.c.h; path = BSTopicViewController.h; sourceTree = "<group>"; };
		F98810E51C92C4210008FF7E /* BSTopicViewController.m */ = {isa = PBXFileReference; fileEncoding = 4; lastKnownFileType = sourcecode.c.objc; path = BSTopicViewController.m; sourceTree = "<group>"; };
		F98810E71C930F180008FF7E /* BSTopic.h */ = {isa = PBXFileReference; fileEncoding = 4; lastKnownFileType = sourcecode.c.h; path = BSTopic.h; sourceTree = "<group>"; };
		F98810E81C930F180008FF7E /* BSTopic.m */ = {isa = PBXFileReference; fileEncoding = 4; lastKnownFileType = sourcecode.c.objc; path = BSTopic.m; sourceTree = "<group>"; };
		F98810EA1C9312080008FF7E /* BSTopicTableViewCell.h */ = {isa = PBXFileReference; fileEncoding = 4; lastKnownFileType = sourcecode.c.h; path = BSTopicTableViewCell.h; sourceTree = "<group>"; };
		F98810EB1C9312080008FF7E /* BSTopicTableViewCell.m */ = {isa = PBXFileReference; fileEncoding = 4; lastKnownFileType = sourcecode.c.objc; path = BSTopicTableViewCell.m; sourceTree = "<group>"; };
		F98810EC1C9312080008FF7E /* BSTopicTableViewCell.xib */ = {isa = PBXFileReference; fileEncoding = 4; lastKnownFileType = file.xib; path = BSTopicTableViewCell.xib; sourceTree = "<group>"; };
		F98810EF1C93AF110008FF7E /* BSHelper.h */ = {isa = PBXFileReference; fileEncoding = 4; lastKnownFileType = sourcecode.c.h; path = BSHelper.h; sourceTree = "<group>"; };
		F98810F01C93AF110008FF7E /* BSHelper.m */ = {isa = PBXFileReference; fileEncoding = 4; lastKnownFileType = sourcecode.c.objc; path = BSHelper.m; sourceTree = "<group>"; };
		F98810F81C93B3B20008FF7E /* NSDate+BSExtension.h */ = {isa = PBXFileReference; fileEncoding = 4; lastKnownFileType = sourcecode.c.h; path = "NSDate+BSExtension.h"; sourceTree = "<group>"; };
		F98810F91C93B3B20008FF7E /* NSDate+BSExtension.m */ = {isa = PBXFileReference; fileEncoding = 4; lastKnownFileType = sourcecode.c.objc; path = "NSDate+BSExtension.m"; sourceTree = "<group>"; };
		F98810FB1C943B940008FF7E /* BSTopicPictureView.h */ = {isa = PBXFileReference; fileEncoding = 4; lastKnownFileType = sourcecode.c.h; path = BSTopicPictureView.h; sourceTree = "<group>"; };
		F98810FC1C943B940008FF7E /* BSTopicPictureView.m */ = {isa = PBXFileReference; fileEncoding = 4; lastKnownFileType = sourcecode.c.objc; path = BSTopicPictureView.m; sourceTree = "<group>"; };
		F98810FE1C943B9F0008FF7E /* BSTopicPictureView.xib */ = {isa = PBXFileReference; fileEncoding = 4; lastKnownFileType = file.xib; path = BSTopicPictureView.xib; sourceTree = "<group>"; };
		F998026D1C906874005C8937 /* BSTrendsViewController.xib */ = {isa = PBXFileReference; fileEncoding = 4; lastKnownFileType = file.xib; path = BSTrendsViewController.xib; sourceTree = "<group>"; };
		F9C280A21C8F1E90002991C6 /* BSConst.h */ = {isa = PBXFileReference; fileEncoding = 4; lastKnownFileType = sourcecode.c.h; path = BSConst.h; sourceTree = "<group>"; };
		F9C280A31C8F1E90002991C6 /* BSConst.m */ = {isa = PBXFileReference; fileEncoding = 4; lastKnownFileType = sourcecode.c.objc; path = BSConst.m; sourceTree = "<group>"; };
		F9E996481C8E918E00C0A549 /* BSRecommendCategory.h */ = {isa = PBXFileReference; fileEncoding = 4; lastKnownFileType = sourcecode.c.h; path = BSRecommendCategory.h; sourceTree = "<group>"; };
		F9E996491C8E918E00C0A549 /* BSRecommendCategory.m */ = {isa = PBXFileReference; fileEncoding = 4; lastKnownFileType = sourcecode.c.objc; path = BSRecommendCategory.m; sourceTree = "<group>"; };
		F9E996511C8E97E600C0A549 /* NSObject+BSModel.h */ = {isa = PBXFileReference; fileEncoding = 4; lastKnownFileType = sourcecode.c.h; path = "NSObject+BSModel.h"; sourceTree = "<group>"; };
		F9E996521C8E97E600C0A549 /* NSObject+BSModel.m */ = {isa = PBXFileReference; fileEncoding = 4; lastKnownFileType = sourcecode.c.objc; path = "NSObject+BSModel.m"; sourceTree = "<group>"; };
		F9E996581C8EA0D500C0A549 /* BSAPIClient.h */ = {isa = PBXFileReference; fileEncoding = 4; lastKnownFileType = sourcecode.c.h; path = BSAPIClient.h; sourceTree = "<group>"; };
		F9E996591C8EA0D500C0A549 /* BSAPIClient.m */ = {isa = PBXFileReference; fileEncoding = 4; lastKnownFileType = sourcecode.c.objc; path = BSAPIClient.m; sourceTree = "<group>"; };
		F9E9965D1C8EA8D000C0A549 /* BSRecommendViewController.storyboard */ = {isa = PBXFileReference; fileEncoding = 4; lastKnownFileType = file.storyboard; path = BSRecommendViewController.storyboard; sourceTree = "<group>"; };
		F9E9965F1C8EA97E00C0A549 /* BSRecommendTableViewCell.h */ = {isa = PBXFileReference; fileEncoding = 4; lastKnownFileType = sourcecode.c.h; path = BSRecommendTableViewCell.h; sourceTree = "<group>"; };
		F9E996601C8EA97E00C0A549 /* BSRecommendTableViewCell.m */ = {isa = PBXFileReference; fileEncoding = 4; lastKnownFileType = sourcecode.c.objc; path = BSRecommendTableViewCell.m; sourceTree = "<group>"; };
		F9EE422A1C8D29A60034482C /* BaiSiBuDeJie.app */ = {isa = PBXFileReference; explicitFileType = wrapper.application; includeInIndex = 0; path = BaiSiBuDeJie.app; sourceTree = BUILT_PRODUCTS_DIR; };
		F9EE42391C8D29A60034482C /* Assets.xcassets */ = {isa = PBXFileReference; lastKnownFileType = folder.assetcatalog; path = Assets.xcassets; sourceTree = "<group>"; };
		F9EE423E1C8D29A60034482C /* Info.plist */ = {isa = PBXFileReference; lastKnownFileType = text.plist.xml; path = Info.plist; sourceTree = "<group>"; };
		F9EE42431C8D29A70034482C /* BaiSiBuDeJieTests.xctest */ = {isa = PBXFileReference; explicitFileType = wrapper.cfbundle; includeInIndex = 0; path = BaiSiBuDeJieTests.xctest; sourceTree = BUILT_PRODUCTS_DIR; };
		F9EE42471C8D29A70034482C /* BaiSiBuDeJieTests.m */ = {isa = PBXFileReference; lastKnownFileType = sourcecode.c.objc; path = BaiSiBuDeJieTests.m; sourceTree = "<group>"; };
		F9EE42491C8D29A70034482C /* Info.plist */ = {isa = PBXFileReference; lastKnownFileType = text.plist.xml; path = Info.plist; sourceTree = "<group>"; };
		F9EE424E1C8D29A70034482C /* BaiSiBuDeJieUITests.xctest */ = {isa = PBXFileReference; explicitFileType = wrapper.cfbundle; includeInIndex = 0; path = BaiSiBuDeJieUITests.xctest; sourceTree = BUILT_PRODUCTS_DIR; };
		F9EE42521C8D29A70034482C /* BaiSiBuDeJieUITests.m */ = {isa = PBXFileReference; lastKnownFileType = sourcecode.c.objc; path = BaiSiBuDeJieUITests.m; sourceTree = "<group>"; };
		F9EE42541C8D29A70034482C /* Info.plist */ = {isa = PBXFileReference; lastKnownFileType = text.plist.xml; path = Info.plist; sourceTree = "<group>"; };
		F9EE42761C8D2B050034482C /* AppDelegate.h */ = {isa = PBXFileReference; fileEncoding = 4; lastKnownFileType = sourcecode.c.h; path = AppDelegate.h; sourceTree = "<group>"; };
		F9EE42771C8D2B050034482C /* AppDelegate.m */ = {isa = PBXFileReference; fileEncoding = 4; lastKnownFileType = sourcecode.c.objc; path = AppDelegate.m; sourceTree = "<group>"; };
		F9EE42781C8D2B050034482C /* main.m */ = {isa = PBXFileReference; fileEncoding = 4; lastKnownFileType = sourcecode.c.objc; path = main.m; sourceTree = "<group>"; };
		F9EE427B1C8D2B280034482C /* BS-PrefixHeader.pch */ = {isa = PBXFileReference; lastKnownFileType = sourcecode.c.h; path = "BS-PrefixHeader.pch"; sourceTree = "<group>"; };
		F9EE427C1C8D2D280034482C /* BSTabBarController.h */ = {isa = PBXFileReference; fileEncoding = 4; lastKnownFileType = sourcecode.c.h; path = BSTabBarController.h; sourceTree = "<group>"; };
		F9EE427D1C8D2D280034482C /* BSTabBarController.m */ = {isa = PBXFileReference; fileEncoding = 4; lastKnownFileType = sourcecode.c.objc; path = BSTabBarController.m; sourceTree = "<group>"; };
		F9EE427F1C8D2D4B0034482C /* BSTabBar.h */ = {isa = PBXFileReference; fileEncoding = 4; lastKnownFileType = sourcecode.c.h; path = BSTabBar.h; sourceTree = "<group>"; };
		F9EE42801C8D2D4B0034482C /* BSTabBar.m */ = {isa = PBXFileReference; fileEncoding = 4; lastKnownFileType = sourcecode.c.objc; path = BSTabBar.m; sourceTree = "<group>"; };
		F9EE42821C8D2D660034482C /* BSNavigationController.h */ = {isa = PBXFileReference; fileEncoding = 4; lastKnownFileType = sourcecode.c.h; path = BSNavigationController.h; sourceTree = "<group>"; };
		F9EE42831C8D2D660034482C /* BSNavigationController.m */ = {isa = PBXFileReference; fileEncoding = 4; lastKnownFileType = sourcecode.c.objc; path = BSNavigationController.m; sourceTree = "<group>"; };
		F9EE42851C8D2DBB0034482C /* BSEssenceViewController.h */ = {isa = PBXFileReference; fileEncoding = 4; lastKnownFileType = sourcecode.c.h; path = BSEssenceViewController.h; sourceTree = "<group>"; };
		F9EE42861C8D2DBB0034482C /* BSEssenceViewController.m */ = {isa = PBXFileReference; fileEncoding = 4; lastKnownFileType = sourcecode.c.objc; path = BSEssenceViewController.m; sourceTree = "<group>"; };
		F9EE42881C8D2DC80034482C /* BSNewViewController.h */ = {isa = PBXFileReference; fileEncoding = 4; lastKnownFileType = sourcecode.c.h; path = BSNewViewController.h; sourceTree = "<group>"; };
		F9EE42891C8D2DC80034482C /* BSNewViewController.m */ = {isa = PBXFileReference; fileEncoding = 4; lastKnownFileType = sourcecode.c.objc; path = BSNewViewController.m; sourceTree = "<group>"; };
		F9EE428B1C8D2DE50034482C /* BSTrendsViewController.h */ = {isa = PBXFileReference; fileEncoding = 4; lastKnownFileType = sourcecode.c.h; path = BSTrendsViewController.h; sourceTree = "<group>"; };
		F9EE428C1C8D2DE50034482C /* BSTrendsViewController.m */ = {isa = PBXFileReference; fileEncoding = 4; lastKnownFileType = sourcecode.c.objc; path = BSTrendsViewController.m; sourceTree = "<group>"; };
		F9EE428E1C8D2DF00034482C /* BSMeViewController.h */ = {isa = PBXFileReference; fileEncoding = 4; lastKnownFileType = sourcecode.c.h; path = BSMeViewController.h; sourceTree = "<group>"; };
		F9EE428F1C8D2DF00034482C /* BSMeViewController.m */ = {isa = PBXFileReference; fileEncoding = 4; lastKnownFileType = sourcecode.c.objc; path = BSMeViewController.m; sourceTree = "<group>"; };
		F9EE42921C8D397D0034482C /* BSTabBarController+BS.h */ = {isa = PBXFileReference; fileEncoding = 4; lastKnownFileType = sourcecode.c.h; path = "BSTabBarController+BS.h"; sourceTree = "<group>"; };
		F9EE42931C8D397D0034482C /* BSTabBarController+BS.m */ = {isa = PBXFileReference; fileEncoding = 4; lastKnownFileType = sourcecode.c.objc; path = "BSTabBarController+BS.m"; sourceTree = "<group>"; };
		F9EE42951C8D9C900034482C /* UIView+CXFrame.h */ = {isa = PBXFileReference; fileEncoding = 4; lastKnownFileType = sourcecode.c.h; path = "UIView+CXFrame.h"; sourceTree = "<group>"; };
		F9EE42961C8D9C900034482C /* UIView+CXFrame.m */ = {isa = PBXFileReference; fileEncoding = 4; lastKnownFileType = sourcecode.c.objc; path = "UIView+CXFrame.m"; sourceTree = "<group>"; };
		F9EE429B1C8DAB9E0034482C /* UIBarButtonItem+BS.h */ = {isa = PBXFileReference; fileEncoding = 4; lastKnownFileType = sourcecode.c.h; path = "UIBarButtonItem+BS.h"; sourceTree = "<group>"; };
		F9EE429C1C8DAB9E0034482C /* UIBarButtonItem+BS.m */ = {isa = PBXFileReference; fileEncoding = 4; lastKnownFileType = sourcecode.c.objc; path = "UIBarButtonItem+BS.m"; sourceTree = "<group>"; };
		F9F1FE2A1C952B5F00438DBC /* BSCircularProgressView.h */ = {isa = PBXFileReference; fileEncoding = 4; lastKnownFileType = sourcecode.c.h; path = BSCircularProgressView.h; sourceTree = "<group>"; };
		F9F1FE2B1C952B5F00438DBC /* BSCircularProgressView.m */ = {isa = PBXFileReference; fileEncoding = 4; lastKnownFileType = sourcecode.c.objc; path = BSCircularProgressView.m; sourceTree = "<group>"; };
/* End PBXFileReference section */

/* Begin PBXFrameworksBuildPhase section */
		F9EE42271C8D29A60034482C /* Frameworks */ = {
			isa = PBXFrameworksBuildPhase;
			buildActionMask = 2147483647;
			files = (
				A7FAAB6CC36F58521B112CE7 /* libPods.a in Frameworks */,
			);
			runOnlyForDeploymentPostprocessing = 0;
		};
		F9EE42401C8D29A70034482C /* Frameworks */ = {
			isa = PBXFrameworksBuildPhase;
			buildActionMask = 2147483647;
			files = (
			);
			runOnlyForDeploymentPostprocessing = 0;
		};
		F9EE424B1C8D29A70034482C /* Frameworks */ = {
			isa = PBXFrameworksBuildPhase;
			buildActionMask = 2147483647;
			files = (
			);
			runOnlyForDeploymentPostprocessing = 0;
		};
/* End PBXFrameworksBuildPhase section */

/* Begin PBXGroup section */
		45010791D8E24587DD087C12 /* Frameworks */ = {
			isa = PBXGroup;
			children = (
				910CCFE2F8AE00BE46359FF7 /* libPods.a */,
			);
			name = Frameworks;
			sourceTree = "<group>";
		};
		D93F689D543EC13EE6C15569 /* Pods */ = {
			isa = PBXGroup;
			children = (
				340B1898C0A9221B66D00CAA /* Pods.debug.xcconfig */,
				1CCF45D565618A957DEB9E67 /* Pods.release.xcconfig */,
			);
			name = Pods;
			sourceTree = "<group>";
		};
		F94398DF1C90210E007253EB /* Login-登录 */ = {
			isa = PBXGroup;
			children = (
				F94398E01C90210E007253EB /* Controller */,
				F94398E31C90210E007253EB /* Model */,
				F94398E41C90210E007253EB /* View */,
			);
			path = "Login-登录";
			sourceTree = "<group>";
		};
		F94398E01C90210E007253EB /* Controller */ = {
			isa = PBXGroup;
			children = (
				F94398E61C90215F007253EB /* BSLoginViewController.h */,
				F94398E71C90215F007253EB /* BSLoginViewController.m */,
				F94398E81C90215F007253EB /* BSLoginViewController.xib */,
			);
			path = Controller;
			sourceTree = "<group>";
		};
		F94398E31C90210E007253EB /* Model */ = {
			isa = PBXGroup;
			children = (
			);
			path = Model;
			sourceTree = "<group>";
		};
		F94398E41C90210E007253EB /* View */ = {
			isa = PBXGroup;
			children = (
				F94398EB1C904C31007253EB /* BSVerticalButton.h */,
				F94398EC1C904C31007253EB /* BSVerticalButton.m */,
				F94398EE1C905438007253EB /* BSTextField.h */,
				F94398EF1C905438007253EB /* BSTextField.m */,
			);
			path = View;
			sourceTree = "<group>";
		};
		F9E996541C8EA04D00C0A549 /* Tools */ = {
			isa = PBXGroup;
			children = (
				F9E996581C8EA0D500C0A549 /* BSAPIClient.h */,
				F9E996591C8EA0D500C0A549 /* BSAPIClient.m */,
				F98810EF1C93AF110008FF7E /* BSHelper.h */,
				F98810F01C93AF110008FF7E /* BSHelper.m */,
			);
			path = Tools;
			sourceTree = "<group>";
		};
		F9EE42211C8D29A60034482C = {
			isa = PBXGroup;
			children = (
				F9EE422C1C8D29A60034482C /* BaiSiBuDeJie */,
				F9EE42461C8D29A70034482C /* BaiSiBuDeJieTests */,
				F9EE42511C8D29A70034482C /* BaiSiBuDeJieUITests */,
				F9EE422B1C8D29A60034482C /* Products */,
				D93F689D543EC13EE6C15569 /* Pods */,
				45010791D8E24587DD087C12 /* Frameworks */,
			);
			sourceTree = "<group>";
		};
		F9EE422B1C8D29A60034482C /* Products */ = {
			isa = PBXGroup;
			children = (
				F9EE422A1C8D29A60034482C /* BaiSiBuDeJie.app */,
				F9EE42431C8D29A70034482C /* BaiSiBuDeJieTests.xctest */,
				F9EE424E1C8D29A70034482C /* BaiSiBuDeJieUITests.xctest */,
			);
			name = Products;
			sourceTree = "<group>";
		};
		F9EE422C1C8D29A60034482C /* BaiSiBuDeJie */ = {
			isa = PBXGroup;
			children = (
				F9EE42601C8D2B050034482C /* Classes */,
				F9EE422D1C8D29A60034482C /* Supporting Files */,
			);
			path = BaiSiBuDeJie;
			sourceTree = "<group>";
		};
		F9EE422D1C8D29A60034482C /* Supporting Files */ = {
			isa = PBXGroup;
			children = (
				F9EE42391C8D29A60034482C /* Assets.xcassets */,
				F9EE423E1C8D29A60034482C /* Info.plist */,
			);
			name = "Supporting Files";
			sourceTree = "<group>";
		};
		F9EE42461C8D29A70034482C /* BaiSiBuDeJieTests */ = {
			isa = PBXGroup;
			children = (
				F9EE42471C8D29A70034482C /* BaiSiBuDeJieTests.m */,
				F9EE42491C8D29A70034482C /* Info.plist */,
			);
			path = BaiSiBuDeJieTests;
			sourceTree = "<group>";
		};
		F9EE42511C8D29A70034482C /* BaiSiBuDeJieUITests */ = {
			isa = PBXGroup;
			children = (
				F9EE42521C8D29A70034482C /* BaiSiBuDeJieUITests.m */,
				F9EE42541C8D29A70034482C /* Info.plist */,
			);
			path = BaiSiBuDeJieUITests;
			sourceTree = "<group>";
		};
		F9EE42601C8D2B050034482C /* Classes */ = {
			isa = PBXGroup;
			children = (
				F9EE42651C8D2B050034482C /* Essence-精华 */,
				F9EE42711C8D2B050034482C /* New-最新 */,
				F9EE42691C8D2B050034482C /* FriendTrends-关注 */,
				F9EE426D1C8D2B050034482C /* Me-我 */,
				F94398DF1C90210E007253EB /* Login-登录 */,
				F9EE42611C8D2B050034482C /* Common */,
				F9EE42751C8D2B050034482C /* Other */,
			);
			path = Classes;
			sourceTree = "<group>";
		};
		F9EE42611C8D2B050034482C /* Common */ = {
			isa = PBXGroup;
			children = (
				F9EE42621C8D2B050034482C /* Controller */,
				F9EE42631C8D2B050034482C /* Model */,
				F9EE42641C8D2B050034482C /* View */,
				F9EE42911C8D39390034482C /* Category */,
				F9E996541C8EA04D00C0A549 /* Tools */,
			);
			path = Common;
			sourceTree = "<group>";
		};
		F9EE42621C8D2B050034482C /* Controller */ = {
			isa = PBXGroup;
			children = (
				F9EE427C1C8D2D280034482C /* BSTabBarController.h */,
				F9EE427D1C8D2D280034482C /* BSTabBarController.m */,
				F9EE42821C8D2D660034482C /* BSNavigationController.h */,
				F9EE42831C8D2D660034482C /* BSNavigationController.m */,
			);
			path = Controller;
			sourceTree = "<group>";
		};
		F9EE42631C8D2B050034482C /* Model */ = {
			isa = PBXGroup;
			children = (
			);
			path = Model;
			sourceTree = "<group>";
		};
		F9EE42641C8D2B050034482C /* View */ = {
			isa = PBXGroup;
			children = (
				F9EE427F1C8D2D4B0034482C /* BSTabBar.h */,
				F9EE42801C8D2D4B0034482C /* BSTabBar.m */,
			);
			path = View;
			sourceTree = "<group>";
		};
		F9EE42651C8D2B050034482C /* Essence-精华 */ = {
			isa = PBXGroup;
			children = (
				F9EE42661C8D2B050034482C /* Controller */,
				F9EE42671C8D2B050034482C /* Model */,
				F9EE42681C8D2B050034482C /* View */,
			);
			path = "Essence-精华";
			sourceTree = "<group>";
		};
		F9EE42661C8D2B050034482C /* Controller */ = {
			isa = PBXGroup;
			children = (
				F9EE42851C8D2DBB0034482C /* BSEssenceViewController.h */,
				F9EE42861C8D2DBB0034482C /* BSEssenceViewController.m */,
				F98810E41C92C4210008FF7E /* BSTopicViewController.h */,
				F98810E51C92C4210008FF7E /* BSTopicViewController.m */,
			);
			path = Controller;
			sourceTree = "<group>";
		};
		F9EE42671C8D2B050034482C /* Model */ = {
			isa = PBXGroup;
			children = (
				F98810E71C930F180008FF7E /* BSTopic.h */,
				F98810E81C930F180008FF7E /* BSTopic.m */,
			);
			path = Model;
			sourceTree = "<group>";
		};
		F9EE42681C8D2B050034482C /* View */ = {
			isa = PBXGroup;
			children = (
				F98810DE1C923AD20008FF7E /* BSEssenceTopicView.h */,
				F98810DF1C923AD20008FF7E /* BSEssenceTopicView.m */,
				F98810EA1C9312080008FF7E /* BSTopicTableViewCell.h */,
				F98810EB1C9312080008FF7E /* BSTopicTableViewCell.m */,
				F98810EC1C9312080008FF7E /* BSTopicTableViewCell.xib */,
				F98810FB1C943B940008FF7E /* BSTopicPictureView.h */,
				F98810FC1C943B940008FF7E /* BSTopicPictureView.m */,
				F98810FE1C943B9F0008FF7E /* BSTopicPictureView.xib */,
				F9F1FE2A1C952B5F00438DBC /* BSCircularProgressView.h */,
				F9F1FE2B1C952B5F00438DBC /* BSCircularProgressView.m */,
			);
			path = View;
			sourceTree = "<group>";
		};
		F9EE42691C8D2B050034482C /* FriendTrends-关注 */ = {
			isa = PBXGroup;
			children = (
				F9EE426A1C8D2B050034482C /* Controller */,
				F9EE426B1C8D2B050034482C /* Model */,
				F9EE426C1C8D2B050034482C /* View */,
			);
			path = "FriendTrends-关注";
			sourceTree = "<group>";
		};
		F9EE426A1C8D2B050034482C /* Controller */ = {
			isa = PBXGroup;
			children = (
				F9EE428B1C8D2DE50034482C /* BSTrendsViewController.h */,
				F9EE428C1C8D2DE50034482C /* BSTrendsViewController.m */,
				F998026D1C906874005C8937 /* BSTrendsViewController.xib */,
				F9515FE01C8E7B6100D76D6E /* BSRecommendViewController.h */,
				F9515FE11C8E7B6100D76D6E /* BSRecommendViewController.m */,
				F9E9965D1C8EA8D000C0A549 /* BSRecommendViewController.storyboard */,
			);
			path = Controller;
			sourceTree = "<group>";
		};
		F9EE426B1C8D2B050034482C /* Model */ = {
			isa = PBXGroup;
			children = (
				F9E996481C8E918E00C0A549 /* BSRecommendCategory.h */,
				F9E996491C8E918E00C0A549 /* BSRecommendCategory.m */,
				F9620D181C8ECC3700B52A52 /* BSRecomendUser.h */,
				F9620D191C8ECC3700B52A52 /* BSRecomendUser.m */,
			);
			path = Model;
			sourceTree = "<group>";
		};
		F9EE426C1C8D2B050034482C /* View */ = {
			isa = PBXGroup;
			children = (
				F9E9965F1C8EA97E00C0A549 /* BSRecommendTableViewCell.h */,
				F9E996601C8EA97E00C0A549 /* BSRecommendTableViewCell.m */,
				F9620D151C8ECB9200B52A52 /* BSRecomendUserTableViewCell.h */,
				F9620D161C8ECB9200B52A52 /* BSRecomendUserTableViewCell.m */,
			);
			path = View;
			sourceTree = "<group>";
		};
		F9EE426D1C8D2B050034482C /* Me-我 */ = {
			isa = PBXGroup;
			children = (
				F9EE426E1C8D2B050034482C /* Controller */,
				F9EE426F1C8D2B050034482C /* Model */,
				F9EE42701C8D2B050034482C /* View */,
			);
			path = "Me-我";
			sourceTree = "<group>";
		};
		F9EE426E1C8D2B050034482C /* Controller */ = {
			isa = PBXGroup;
			children = (
				F9EE428E1C8D2DF00034482C /* BSMeViewController.h */,
				F9EE428F1C8D2DF00034482C /* BSMeViewController.m */,
			);
			path = Controller;
			sourceTree = "<group>";
		};
		F9EE426F1C8D2B050034482C /* Model */ = {
			isa = PBXGroup;
			children = (
			);
			path = Model;
			sourceTree = "<group>";
		};
		F9EE42701C8D2B050034482C /* View */ = {
			isa = PBXGroup;
			children = (
			);
			path = View;
			sourceTree = "<group>";
		};
		F9EE42711C8D2B050034482C /* New-最新 */ = {
			isa = PBXGroup;
			children = (
				F9EE42721C8D2B050034482C /* Controller */,
				F9EE42731C8D2B050034482C /* Model */,
				F9EE42741C8D2B050034482C /* View */,
			);
			path = "New-最新";
			sourceTree = "<group>";
		};
		F9EE42721C8D2B050034482C /* Controller */ = {
			isa = PBXGroup;
			children = (
				F9EE42881C8D2DC80034482C /* BSNewViewController.h */,
				F9EE42891C8D2DC80034482C /* BSNewViewController.m */,
			);
			path = Controller;
			sourceTree = "<group>";
		};
		F9EE42731C8D2B050034482C /* Model */ = {
			isa = PBXGroup;
			children = (
			);
			path = Model;
			sourceTree = "<group>";
		};
		F9EE42741C8D2B050034482C /* View */ = {
			isa = PBXGroup;
			children = (
			);
			path = View;
			sourceTree = "<group>";
		};
		F9EE42751C8D2B050034482C /* Other */ = {
			isa = PBXGroup;
			children = (
				F9C280A21C8F1E90002991C6 /* BSConst.h */,
				F9C280A31C8F1E90002991C6 /* BSConst.m */,
				F9EE427B1C8D2B280034482C /* BS-PrefixHeader.pch */,
				F907C5BE1C8E80A40044B28A /* BSMacroDefinition.h */,
				F9EE42761C8D2B050034482C /* AppDelegate.h */,
				F9EE42771C8D2B050034482C /* AppDelegate.m */,
				F9EE42781C8D2B050034482C /* main.m */,
			);
			path = Other;
			sourceTree = "<group>";
		};
		F9EE42911C8D39390034482C /* Category */ = {
			isa = PBXGroup;
			children = (
				F9EE42951C8D9C900034482C /* UIView+CXFrame.h */,
				F9EE42961C8D9C900034482C /* UIView+CXFrame.m */,
				F9EE42921C8D397D0034482C /* BSTabBarController+BS.h */,
				F9EE42931C8D397D0034482C /* BSTabBarController+BS.m */,
				F9EE429B1C8DAB9E0034482C /* UIBarButtonItem+BS.h */,
				F9EE429C1C8DAB9E0034482C /* UIBarButtonItem+BS.m */,
				F9E996511C8E97E600C0A549 /* NSObject+BSModel.h */,
				F9E996521C8E97E600C0A549 /* NSObject+BSModel.m */,
				F9620D1B1C8ED95300B52A52 /* UIImage+BS.h */,
				F9620D1C1C8ED95300B52A52 /* UIImage+BS.m */,
				F98810E11C92BF350008FF7E /* CALayer+CXExtension.h */,
				F98810E21C92BF350008FF7E /* CALayer+CXExtension.m */,
				F98810F81C93B3B20008FF7E /* NSDate+BSExtension.h */,
				F98810F91C93B3B20008FF7E /* NSDate+BSExtension.m */,
			);
			path = Category;
			sourceTree = "<group>";
		};
/* End PBXGroup section */

/* Begin PBXNativeTarget section */
		F9EE42291C8D29A60034482C /* BaiSiBuDeJie */ = {
			isa = PBXNativeTarget;
			buildConfigurationList = F9EE42571C8D29A70034482C /* Build configuration list for PBXNativeTarget "BaiSiBuDeJie" */;
			buildPhases = (
				94655B862DC9774EC2FB57FC /* Check Pods Manifest.lock */,
				F9EE42261C8D29A60034482C /* Sources */,
				F9EE42271C8D29A60034482C /* Frameworks */,
				F9EE42281C8D29A60034482C /* Resources */,
				90C0D2BAB060A2F9933BD369 /* Embed Pods Frameworks */,
				3D74C05AA15D53B9D9FE8726 /* Copy Pods Resources */,
			);
			buildRules = (
			);
			dependencies = (
			);
			name = BaiSiBuDeJie;
			productName = BaiSiBuDeJie;
			productReference = F9EE422A1C8D29A60034482C /* BaiSiBuDeJie.app */;
			productType = "com.apple.product-type.application";
		};
		F9EE42421C8D29A70034482C /* BaiSiBuDeJieTests */ = {
			isa = PBXNativeTarget;
			buildConfigurationList = F9EE425A1C8D29A70034482C /* Build configuration list for PBXNativeTarget "BaiSiBuDeJieTests" */;
			buildPhases = (
				F9EE423F1C8D29A70034482C /* Sources */,
				F9EE42401C8D29A70034482C /* Frameworks */,
				F9EE42411C8D29A70034482C /* Resources */,
			);
			buildRules = (
			);
			dependencies = (
				F9EE42451C8D29A70034482C /* PBXTargetDependency */,
			);
			name = BaiSiBuDeJieTests;
			productName = BaiSiBuDeJieTests;
			productReference = F9EE42431C8D29A70034482C /* BaiSiBuDeJieTests.xctest */;
			productType = "com.apple.product-type.bundle.unit-test";
		};
		F9EE424D1C8D29A70034482C /* BaiSiBuDeJieUITests */ = {
			isa = PBXNativeTarget;
			buildConfigurationList = F9EE425D1C8D29A70034482C /* Build configuration list for PBXNativeTarget "BaiSiBuDeJieUITests" */;
			buildPhases = (
				F9EE424A1C8D29A70034482C /* Sources */,
				F9EE424B1C8D29A70034482C /* Frameworks */,
				F9EE424C1C8D29A70034482C /* Resources */,
			);
			buildRules = (
			);
			dependencies = (
				F9EE42501C8D29A70034482C /* PBXTargetDependency */,
			);
			name = BaiSiBuDeJieUITests;
			productName = BaiSiBuDeJieUITests;
			productReference = F9EE424E1C8D29A70034482C /* BaiSiBuDeJieUITests.xctest */;
			productType = "com.apple.product-type.bundle.ui-testing";
		};
/* End PBXNativeTarget section */

/* Begin PBXProject section */
		F9EE42221C8D29A60034482C /* Project object */ = {
			isa = PBXProject;
			attributes = {
				CLASSPREFIX = BS;
				LastUpgradeCheck = 0720;
				ORGANIZATIONNAME = CX;
				TargetAttributes = {
					F9EE42291C8D29A60034482C = {
						CreatedOnToolsVersion = 7.2;
					};
					F9EE42421C8D29A70034482C = {
						CreatedOnToolsVersion = 7.2;
						TestTargetID = F9EE42291C8D29A60034482C;
					};
					F9EE424D1C8D29A70034482C = {
						CreatedOnToolsVersion = 7.2;
						TestTargetID = F9EE42291C8D29A60034482C;
					};
				};
			};
			buildConfigurationList = F9EE42251C8D29A60034482C /* Build configuration list for PBXProject "BaiSiBuDeJie" */;
			compatibilityVersion = "Xcode 3.2";
			developmentRegion = English;
			hasScannedForEncodings = 0;
			knownRegions = (
				en,
				Base,
			);
			mainGroup = F9EE42211C8D29A60034482C;
			productRefGroup = F9EE422B1C8D29A60034482C /* Products */;
			projectDirPath = "";
			projectRoot = "";
			targets = (
				F9EE42291C8D29A60034482C /* BaiSiBuDeJie */,
				F9EE42421C8D29A70034482C /* BaiSiBuDeJieTests */,
				F9EE424D1C8D29A70034482C /* BaiSiBuDeJieUITests */,
			);
		};
/* End PBXProject section */

/* Begin PBXResourcesBuildPhase section */
		F9EE42281C8D29A60034482C /* Resources */ = {
			isa = PBXResourcesBuildPhase;
			buildActionMask = 2147483647;
			files = (
				F94398EA1C90215F007253EB /* BSLoginViewController.xib in Resources */,
				F9EE423A1C8D29A60034482C /* Assets.xcassets in Resources */,
				F98810EE1C9312080008FF7E /* BSTopicTableViewCell.xib in Resources */,
				F9E9965E1C8EA8D000C0A549 /* BSRecommendViewController.storyboard in Resources */,
				F98810FF1C943B9F0008FF7E /* BSTopicPictureView.xib in Resources */,
				F998026E1C906874005C8937 /* BSTrendsViewController.xib in Resources */,
			);
			runOnlyForDeploymentPostprocessing = 0;
		};
		F9EE42411C8D29A70034482C /* Resources */ = {
			isa = PBXResourcesBuildPhase;
			buildActionMask = 2147483647;
			files = (
			);
			runOnlyForDeploymentPostprocessing = 0;
		};
		F9EE424C1C8D29A70034482C /* Resources */ = {
			isa = PBXResourcesBuildPhase;
			buildActionMask = 2147483647;
			files = (
			);
			runOnlyForDeploymentPostprocessing = 0;
		};
/* End PBXResourcesBuildPhase section */

/* Begin PBXShellScriptBuildPhase section */
		3D74C05AA15D53B9D9FE8726 /* Copy Pods Resources */ = {
			isa = PBXShellScriptBuildPhase;
			buildActionMask = 2147483647;
			files = (
			);
			inputPaths = (
			);
			name = "Copy Pods Resources";
			outputPaths = (
			);
			runOnlyForDeploymentPostprocessing = 0;
			shellPath = /bin/sh;
			shellScript = "\"${SRCROOT}/Pods/Target Support Files/Pods/Pods-resources.sh\"\n";
			showEnvVarsInLog = 0;
		};
		90C0D2BAB060A2F9933BD369 /* Embed Pods Frameworks */ = {
			isa = PBXShellScriptBuildPhase;
			buildActionMask = 2147483647;
			files = (
			);
			inputPaths = (
			);
			name = "Embed Pods Frameworks";
			outputPaths = (
			);
			runOnlyForDeploymentPostprocessing = 0;
			shellPath = /bin/sh;
			shellScript = "\"${SRCROOT}/Pods/Target Support Files/Pods/Pods-frameworks.sh\"\n";
			showEnvVarsInLog = 0;
		};
		94655B862DC9774EC2FB57FC /* Check Pods Manifest.lock */ = {
			isa = PBXShellScriptBuildPhase;
			buildActionMask = 2147483647;
			files = (
			);
			inputPaths = (
			);
			name = "Check Pods Manifest.lock";
			outputPaths = (
			);
			runOnlyForDeploymentPostprocessing = 0;
			shellPath = /bin/sh;
			shellScript = "diff \"${PODS_ROOT}/../Podfile.lock\" \"${PODS_ROOT}/Manifest.lock\" > /dev/null\nif [[ $? != 0 ]] ; then\n    cat << EOM\nerror: The sandbox is not in sync with the Podfile.lock. Run 'pod install' or update your CocoaPods installation.\nEOM\n    exit 1\nfi\n";
			showEnvVarsInLog = 0;
		};
/* End PBXShellScriptBuildPhase section */

/* Begin PBXSourcesBuildPhase section */
		F9EE42261C8D29A60034482C /* Sources */ = {
			isa = PBXSourcesBuildPhase;
			buildActionMask = 2147483647;
			files = (
				F9EE427A1C8D2B050034482C /* main.m in Sources */,
				F9EE42791C8D2B050034482C /* AppDelegate.m in Sources */,
				F9EE428A1C8D2DC80034482C /* BSNewViewController.m in Sources */,
				F98810E61C92C4210008FF7E /* BSTopicViewController.m in Sources */,
				F9620D1A1C8ECC3700B52A52 /* BSRecomendUser.m in Sources */,
				F9EE42871C8D2DBB0034482C /* BSEssenceViewController.m in Sources */,
				F94398E91C90215F007253EB /* BSLoginViewController.m in Sources */,
				F98810E01C923AD20008FF7E /* BSEssenceTopicView.m in Sources */,
				F9EE42811C8D2D4B0034482C /* BSTabBar.m in Sources */,
				F9EE427E1C8D2D280034482C /* BSTabBarController.m in Sources */,
				F98810FA1C93B3B20008FF7E /* NSDate+BSExtension.m in Sources */,
				F9620D171C8ECB9200B52A52 /* BSRecomendUserTableViewCell.m in Sources */,
				F98810E31C92BF350008FF7E /* CALayer+CXExtension.m in Sources */,
				F9E9965A1C8EA0D500C0A549 /* BSAPIClient.m in Sources */,
				F98810ED1C9312080008FF7E /* BSTopicTableViewCell.m in Sources */,
				F98810F11C93AF110008FF7E /* BSHelper.m in Sources */,
				F9E996611C8EA97E00C0A549 /* BSRecommendTableViewCell.m in Sources */,
				F9EE42841C8D2D660034482C /* BSNavigationController.m in Sources */,
				F94398ED1C904C31007253EB /* BSVerticalButton.m in Sources */,
				F9E9964A1C8E918E00C0A549 /* BSRecommendCategory.m in Sources */,
				F94398F01C905438007253EB /* BSTextField.m in Sources */,
				F9EE42941C8D397D0034482C /* BSTabBarController+BS.m in Sources */,
				F9F1FE2C1C952B5F00438DBC /* BSCircularProgressView.m in Sources */,
				F9E996531C8E97E600C0A549 /* NSObject+BSModel.m in Sources */,
				F9EE428D1C8D2DE50034482C /* BSTrendsViewController.m in Sources */,
				F9515FE21C8E7B6100D76D6E /* BSRecommendViewController.m in Sources */,
				F9620D1D1C8ED95300B52A52 /* UIImage+BS.m in Sources */,
				F98810FD1C943B940008FF7E /* BSTopicPictureView.m in Sources */,
				F9EE42971C8D9C900034482C /* UIView+CXFrame.m in Sources */,
				F98810E91C930F180008FF7E /* BSTopic.m in Sources */,
				F9EE429D1C8DAB9E0034482C /* UIBarButtonItem+BS.m in Sources */,
				F9C280A41C8F1E90002991C6 /* BSConst.m in Sources */,
				F9EE42901C8D2DF00034482C /* BSMeViewController.m in Sources */,
			);
			runOnlyForDeploymentPostprocessing = 0;
		};
		F9EE423F1C8D29A70034482C /* Sources */ = {
			isa = PBXSourcesBuildPhase;
			buildActionMask = 2147483647;
			files = (
				F9EE42481C8D29A70034482C /* BaiSiBuDeJieTests.m in Sources */,
			);
			runOnlyForDeploymentPostprocessing = 0;
		};
		F9EE424A1C8D29A70034482C /* Sources */ = {
			isa = PBXSourcesBuildPhase;
			buildActionMask = 2147483647;
			files = (
				F9EE42531C8D29A70034482C /* BaiSiBuDeJieUITests.m in Sources */,
			);
			runOnlyForDeploymentPostprocessing = 0;
		};
/* End PBXSourcesBuildPhase section */

/* Begin PBXTargetDependency section */
		F9EE42451C8D29A70034482C /* PBXTargetDependency */ = {
			isa = PBXTargetDependency;
			target = F9EE42291C8D29A60034482C /* BaiSiBuDeJie */;
			targetProxy = F9EE42441C8D29A70034482C /* PBXContainerItemProxy */;
		};
		F9EE42501C8D29A70034482C /* PBXTargetDependency */ = {
			isa = PBXTargetDependency;
			target = F9EE42291C8D29A60034482C /* BaiSiBuDeJie */;
			targetProxy = F9EE424F1C8D29A70034482C /* PBXContainerItemProxy */;
		};
/* End PBXTargetDependency section */

/* Begin XCBuildConfiguration section */
		F9EE42551C8D29A70034482C /* Debug */ = {
			isa = XCBuildConfiguration;
			buildSettings = {
				ALWAYS_SEARCH_USER_PATHS = NO;
				CLANG_CXX_LANGUAGE_STANDARD = "gnu++0x";
				CLANG_CXX_LIBRARY = "libc++";
				CLANG_ENABLE_MODULES = YES;
				CLANG_ENABLE_OBJC_ARC = YES;
				CLANG_WARN_BOOL_CONVERSION = YES;
				CLANG_WARN_CONSTANT_CONVERSION = YES;
				CLANG_WARN_DIRECT_OBJC_ISA_USAGE = YES_ERROR;
				CLANG_WARN_EMPTY_BODY = YES;
				CLANG_WARN_ENUM_CONVERSION = YES;
				CLANG_WARN_INT_CONVERSION = YES;
				CLANG_WARN_OBJC_ROOT_CLASS = YES_ERROR;
				CLANG_WARN_UNREACHABLE_CODE = YES;
				CLANG_WARN__DUPLICATE_METHOD_MATCH = YES;
				"CODE_SIGN_IDENTITY[sdk=iphoneos*]" = "iPhone Developer";
				COPY_PHASE_STRIP = NO;
				DEBUG_INFORMATION_FORMAT = dwarf;
				ENABLE_STRICT_OBJC_MSGSEND = YES;
				ENABLE_TESTABILITY = YES;
				GCC_C_LANGUAGE_STANDARD = gnu99;
				GCC_DYNAMIC_NO_PIC = NO;
				GCC_NO_COMMON_BLOCKS = YES;
				GCC_OPTIMIZATION_LEVEL = 0;
				GCC_PREPROCESSOR_DEFINITIONS = (
					"DEBUG=1",
					"$(inherited)",
				);
				GCC_WARN_64_TO_32_BIT_CONVERSION = YES;
				GCC_WARN_ABOUT_RETURN_TYPE = YES_ERROR;
				GCC_WARN_UNDECLARED_SELECTOR = YES;
				GCC_WARN_UNINITIALIZED_AUTOS = YES_AGGRESSIVE;
				GCC_WARN_UNUSED_FUNCTION = YES;
				GCC_WARN_UNUSED_VARIABLE = YES;
				IPHONEOS_DEPLOYMENT_TARGET = 9.2;
				MTL_ENABLE_DEBUG_INFO = YES;
				ONLY_ACTIVE_ARCH = YES;
				SDKROOT = iphoneos;
			};
			name = Debug;
		};
		F9EE42561C8D29A70034482C /* Release */ = {
			isa = XCBuildConfiguration;
			buildSettings = {
				ALWAYS_SEARCH_USER_PATHS = NO;
				CLANG_CXX_LANGUAGE_STANDARD = "gnu++0x";
				CLANG_CXX_LIBRARY = "libc++";
				CLANG_ENABLE_MODULES = YES;
				CLANG_ENABLE_OBJC_ARC = YES;
				CLANG_WARN_BOOL_CONVERSION = YES;
				CLANG_WARN_CONSTANT_CONVERSION = YES;
				CLANG_WARN_DIRECT_OBJC_ISA_USAGE = YES_ERROR;
				CLANG_WARN_EMPTY_BODY = YES;
				CLANG_WARN_ENUM_CONVERSION = YES;
				CLANG_WARN_INT_CONVERSION = YES;
				CLANG_WARN_OBJC_ROOT_CLASS = YES_ERROR;
				CLANG_WARN_UNREACHABLE_CODE = YES;
				CLANG_WARN__DUPLICATE_METHOD_MATCH = YES;
				"CODE_SIGN_IDENTITY[sdk=iphoneos*]" = "iPhone Developer";
				COPY_PHASE_STRIP = NO;
				DEBUG_INFORMATION_FORMAT = "dwarf-with-dsym";
				ENABLE_NS_ASSERTIONS = NO;
				ENABLE_STRICT_OBJC_MSGSEND = YES;
				GCC_C_LANGUAGE_STANDARD = gnu99;
				GCC_NO_COMMON_BLOCKS = YES;
				GCC_WARN_64_TO_32_BIT_CONVERSION = YES;
				GCC_WARN_ABOUT_RETURN_TYPE = YES_ERROR;
				GCC_WARN_UNDECLARED_SELECTOR = YES;
				GCC_WARN_UNINITIALIZED_AUTOS = YES_AGGRESSIVE;
				GCC_WARN_UNUSED_FUNCTION = YES;
				GCC_WARN_UNUSED_VARIABLE = YES;
				IPHONEOS_DEPLOYMENT_TARGET = 9.2;
				MTL_ENABLE_DEBUG_INFO = NO;
				SDKROOT = iphoneos;
				VALIDATE_PRODUCT = YES;
			};
			name = Release;
		};
		F9EE42581C8D29A70034482C /* Debug */ = {
			isa = XCBuildConfiguration;
			baseConfigurationReference = 340B1898C0A9221B66D00CAA /* Pods.debug.xcconfig */;
			buildSettings = {
				ASSETCATALOG_COMPILER_APPICON_NAME = AppIcon;
				ASSETCATALOG_COMPILER_LAUNCHIMAGE_NAME = "Brand Assets";
				GCC_PREFIX_HEADER = "BaiSiBuDeJie/Classes/Other/BS-PrefixHeader.pch";
				INFOPLIST_FILE = BaiSiBuDeJie/Info.plist;
				IPHONEOS_DEPLOYMENT_TARGET = 8.1;
				LD_RUNPATH_SEARCH_PATHS = "$(inherited) @executable_path/Frameworks";
				PRODUCT_BUNDLE_IDENTIFIER = CX.BaiSiBuDeJie;
				PRODUCT_NAME = "$(TARGET_NAME)";
			};
			name = Debug;
		};
		F9EE42591C8D29A70034482C /* Release */ = {
			isa = XCBuildConfiguration;
			baseConfigurationReference = 1CCF45D565618A957DEB9E67 /* Pods.release.xcconfig */;
			buildSettings = {
				ASSETCATALOG_COMPILER_APPICON_NAME = AppIcon;
				ASSETCATALOG_COMPILER_LAUNCHIMAGE_NAME = "Brand Assets";
				GCC_PREFIX_HEADER = "BaiSiBuDeJie/Classes/Other/BS-PrefixHeader.pch";
				INFOPLIST_FILE = BaiSiBuDeJie/Info.plist;
				IPHONEOS_DEPLOYMENT_TARGET = 8.1;
				LD_RUNPATH_SEARCH_PATHS = "$(inherited) @executable_path/Frameworks";
				PRODUCT_BUNDLE_IDENTIFIER = CX.BaiSiBuDeJie;
				PRODUCT_NAME = "$(TARGET_NAME)";
			};
			name = Release;
		};
		F9EE425B1C8D29A70034482C /* Debug */ = {
			isa = XCBuildConfiguration;
			buildSettings = {
				BUNDLE_LOADER = "$(TEST_HOST)";
				INFOPLIST_FILE = BaiSiBuDeJieTests/Info.plist;
				LD_RUNPATH_SEARCH_PATHS = "$(inherited) @executable_path/Frameworks @loader_path/Frameworks";
				PRODUCT_BUNDLE_IDENTIFIER = CX.BaiSiBuDeJieTests;
				PRODUCT_NAME = "$(TARGET_NAME)";
				TEST_HOST = "$(BUILT_PRODUCTS_DIR)/BaiSiBuDeJie.app/BaiSiBuDeJie";
			};
			name = Debug;
		};
		F9EE425C1C8D29A70034482C /* Release */ = {
			isa = XCBuildConfiguration;
			buildSettings = {
				BUNDLE_LOADER = "$(TEST_HOST)";
				INFOPLIST_FILE = BaiSiBuDeJieTests/Info.plist;
				LD_RUNPATH_SEARCH_PATHS = "$(inherited) @executable_path/Frameworks @loader_path/Frameworks";
				PRODUCT_BUNDLE_IDENTIFIER = CX.BaiSiBuDeJieTests;
				PRODUCT_NAME = "$(TARGET_NAME)";
				TEST_HOST = "$(BUILT_PRODUCTS_DIR)/BaiSiBuDeJie.app/BaiSiBuDeJie";
			};
			name = Release;
		};
		F9EE425E1C8D29A70034482C /* Debug */ = {
			isa = XCBuildConfiguration;
			buildSettings = {
				INFOPLIST_FILE = BaiSiBuDeJieUITests/Info.plist;
				LD_RUNPATH_SEARCH_PATHS = "$(inherited) @executable_path/Frameworks @loader_path/Frameworks";
				PRODUCT_BUNDLE_IDENTIFIER = CX.BaiSiBuDeJieUITests;
				PRODUCT_NAME = "$(TARGET_NAME)";
				TEST_TARGET_NAME = BaiSiBuDeJie;
				USES_XCTRUNNER = YES;
			};
			name = Debug;
		};
		F9EE425F1C8D29A70034482C /* Release */ = {
			isa = XCBuildConfiguration;
			buildSettings = {
				INFOPLIST_FILE = BaiSiBuDeJieUITests/Info.plist;
				LD_RUNPATH_SEARCH_PATHS = "$(inherited) @executable_path/Frameworks @loader_path/Frameworks";
				PRODUCT_BUNDLE_IDENTIFIER = CX.BaiSiBuDeJieUITests;
				PRODUCT_NAME = "$(TARGET_NAME)";
				TEST_TARGET_NAME = BaiSiBuDeJie;
				USES_XCTRUNNER = YES;
			};
			name = Release;
		};
/* End XCBuildConfiguration section */

/* Begin XCConfigurationList section */
		F9EE42251C8D29A60034482C /* Build configuration list for PBXProject "BaiSiBuDeJie" */ = {
			isa = XCConfigurationList;
			buildConfigurations = (
				F9EE42551C8D29A70034482C /* Debug */,
				F9EE42561C8D29A70034482C /* Release */,
			);
			defaultConfigurationIsVisible = 0;
			defaultConfigurationName = Release;
		};
		F9EE42571C8D29A70034482C /* Build configuration list for PBXNativeTarget "BaiSiBuDeJie" */ = {
			isa = XCConfigurationList;
			buildConfigurations = (
				F9EE42581C8D29A70034482C /* Debug */,
				F9EE42591C8D29A70034482C /* Release */,
			);
			defaultConfigurationIsVisible = 0;
			defaultConfigurationName = Release;
		};
		F9EE425A1C8D29A70034482C /* Build configuration list for PBXNativeTarget "BaiSiBuDeJieTests" */ = {
			isa = XCConfigurationList;
			buildConfigurations = (
				F9EE425B1C8D29A70034482C /* Debug */,
				F9EE425C1C8D29A70034482C /* Release */,
			);
			defaultConfigurationIsVisible = 0;
			defaultConfigurationName = Release;
		};
		F9EE425D1C8D29A70034482C /* Build configuration list for PBXNativeTarget "BaiSiBuDeJieUITests" */ = {
			isa = XCConfigurationList;
			buildConfigurations = (
				F9EE425E1C8D29A70034482C /* Debug */,
				F9EE425F1C8D29A70034482C /* Release */,
			);
			defaultConfigurationIsVisible = 0;
			defaultConfigurationName = Release;
		};
/* End XCConfigurationList section */
	};
	rootObject = F9EE42221C8D29A60034482C /* Project object */;
}
